
Microsoft Visual Studio Solution File, Format Version 12.00
# Visual Studio Version 16
VisualStudioVersion = 16.0.29025.244
MinimumVisualStudioVersion = 10.0.40219.1
Project("{FAE04EC0-301F-11D3-BF4B-00C04F79EFBC}") = "VlcCrashRepro", "VlcCrashRepro\VlcCrashRepro.csproj", "{1DE99E97-FA34-479A-97BA-007AF7736845}"
EndProject
Global
	GlobalSection(SolutionConfigurationPlatforms) = preSolution
		Debug|Any CPU = Debug|Any CPU
		Release|Any CPU = Release|Any CPU
	EndGlobalSection
	GlobalSection(ProjectConfigurationPlatforms) = postSolution
		{1DE99E97-FA34-479A-97BA-007AF7736845}.Debug|Any CPU.ActiveCfg = Debug|Any CPU
		{1DE99E97-FA34-479A-97BA-007AF7736845}.Debug|Any CPU.Build.0 = Debug|Any CPU
		{1DE99E97-FA34-479A-97BA-007AF7736845}.Release|Any CPU.ActiveCfg = Release|Any CPU
		{1DE99E97-FA34-479A-97BA-007AF7736845}.Release|Any CPU.Build.0 = Release|Any CPU
	EndGlobalSection
	GlobalSection(SolutionProperties) = preSolution
		HideSolutionNode = FALSE
	EndGlobalSection
	GlobalSection(ExtensibilityGlobals) = postSolution
		SolutionGuid = {55D36A54-FCFD-4346-9692-8143DB89AACA}
	EndGlobalSection
EndGlobal
